{
  "lockfileVersion": 1,
  "configVersion": 1,
  "workspaces": {
    "": {
      "name": "@tango/instrument-tasks",
      "dependencies": {
        "@tango/instrument-sdk": "file:../sdk",
        "@tango/instrument-ui": "file:../ui",
      },
    },
  },
  "packages": {
    "@tango/instrument-sdk": ["@tango/instrument-sdk@file:../sdk", {}],

    "@tango/instrument-ui": ["@tango/instrument-ui@file:../ui", {}],
  }
}
