{
  "lockfileVersion": 1,
  "configVersion": 1,
  "workspaces": {
    "": {
      "name": "@example/tango-instrument-hello-ui",
      "dependencies": {
        "@tango/instrument-sdk": "file:../../../desktop/instruments/sdk",
        "@tango/instrument-ui": "file:../../../desktop/instruments/ui",
      },
    },
  },
  "packages": {
    "@tango/instrument-sdk": ["@tango/instrument-sdk@file:../../../desktop/instruments/sdk", {}],

    "@tango/instrument-ui": ["@tango/instrument-ui@file:../../../desktop/instruments/ui", {}],
  }
}
