{
  "lockfileVersion": 1,
  "configVersion": 1,
  "workspaces": {
    "": {
      "dependencies": {
        "@types/react": "^18.3.0",
        "react": "^18.3.1",
        "react-dom": "^18.3.1",
      },
    },
    "api": {
      "name": "@tango/api",
      "version": "0.1.0",
      "dependencies": {
        "@tango/instrument-sdk": "file:../sdk",
        "@tango/instrument-ui": "file:../ui",
      },
    },
    "create-tango-instrument": {
      "name": "create-tango-instrument",
      "version": "0.1.0",
      "bin": {
        "create-tango-instrument": "./src/index.ts",
      },
    },
    "hello-claude": {
      "name": "@tango/instrument-hello-claude",
      "version": "0.1.0",
      "dependencies": {
        "@tango/api": "file:../api",
      },
    },
    "sdk": {
      "name": "@tango/instrument-sdk",
      "version": "0.1.0",
      "bin": {
        "tango-sdk": "./src/cli/index.ts",
      },
      "peerDependencies": {
        "react": ">=18.0.0",
        "react-dom": ">=18.0.0",
      },
    },
    "tasks": {
      "name": "@tango/instrument-tasks",
      "version": "0.1.0",
      "dependencies": {
        "@tango/api": "file:../api",
      },
    },
    "ui": {
      "name": "@tango/instrument-ui",
      "version": "0.1.0",
      "peerDependencies": {
        "react": ">=18.0.0",
      },
    },
  },
  "packages": {
    "@tango/api": ["@tango/api@workspace:api"],

    "@tango/instrument-hello-claude": ["@tango/instrument-hello-claude@workspace:hello-claude"],

    "@tango/instrument-sdk": ["@tango/instrument-sdk@workspace:sdk"],

    "@tango/instrument-tasks": ["@tango/instrument-tasks@workspace:tasks"],

    "@tango/instrument-ui": ["@tango/instrument-ui@workspace:ui"],

    "@types/prop-types": ["@types/prop-types@15.7.15", "", {}, "sha512-F6bEyamV9jKGAFBEmlQnesRPGOQqS2+Uwi0Em15xenOxHaf2hv6L8YCVn3rPdPJOiJfPiCnLIRyvwVaqMY3MIw=="],

    "@types/react": ["@types/react@18.3.28", "", { "dependencies": { "@types/prop-types": "*", "csstype": "^3.2.2" } }, "sha512-z9VXpC7MWrhfWipitjNdgCauoMLRdIILQsAEV+ZesIzBq/oUlxk0m3ApZuMFCXdnS4U7KrI+l3WRUEGQ8K1QKw=="],

    "create-tango-instrument": ["create-tango-instrument@workspace:create-tango-instrument"],

    "csstype": ["csstype@3.2.3", "", {}, "sha512-z1HGKcYy2xA8AGQfwrn0PAy+PB7X/GSj3UVJW9qKyn43xWa+gl5nXmU4qqLMRzWVLFC8KusUX8T/0kCiOYpAIQ=="],

    "js-tokens": ["js-tokens@4.0.0", "", {}, "sha512-RdJUflcE3cUzKiMqQgsCu06FPu9UdIJO0beYbPhHN4k6apgJtifcoCtT9bcxOpYBtpD2kCM6Sbzg4CausW/PKQ=="],

    "loose-envify": ["loose-envify@1.4.0", "", { "dependencies": { "js-tokens": "^3.0.0 || ^4.0.0" }, "bin": { "loose-envify": "cli.js" } }, "sha512-lyuxPGr/Wfhrlem2CL/UcnUc1zcqKAImBDzukY7Y5F/yQiNdko6+fRLevlw1HgMySw7f611UIY408EtxRSoK3Q=="],

    "react": ["react@18.3.1", "", { "dependencies": { "loose-envify": "^1.1.0" } }, "sha512-wS+hAgJShR0KhEvPJArfuPVN1+Hz1t0Y6n5jLrGQbkb4urgPE/0Rve+1kMB1v/oWgHgm4WIcV+i7F2pTVj+2iQ=="],

    "react-dom": ["react-dom@18.3.1", "", { "dependencies": { "loose-envify": "^1.1.0", "scheduler": "^0.23.2" }, "peerDependencies": { "react": "^18.3.1" } }, "sha512-5m4nQKp+rZRb09LNH59GM4BxTh9251/ylbKIbpe7TpGxfJ+9kv6BLkLBXIjjspbgbnIBNqlI23tRnTWT0snUIw=="],

    "scheduler": ["scheduler@0.23.2", "", { "dependencies": { "loose-envify": "^1.1.0" } }, "sha512-UOShsPwz7NrMUqhR6t0hWjFduvOzbtv7toDH1/hIrfRNIDBnnBWd0CwJTGvTpngVlmwGCdP9/Zl/tVrDqcuYzQ=="],

    "@tango/api/@tango/instrument-sdk": ["@tango/instrument-sdk@file:sdk", { "peerDependencies": { "react": ">=18.0.0", "react-dom": ">=18.0.0" }, "bin": { "tango-sdk": "./src/cli/index.ts" } }],

    "@tango/api/@tango/instrument-ui": ["@tango/instrument-ui@file:ui", { "peerDependencies": { "react": ">=18.0.0" } }],

    "@tango/instrument-hello-claude/@tango/api": ["@tango/api@file:api", { "dependencies": { "@tango/instrument-sdk": "file:../sdk", "@tango/instrument-ui": "file:../ui" } }],

    "@tango/instrument-tasks/@tango/api": ["@tango/api@file:api", { "dependencies": { "@tango/instrument-sdk": "file:../sdk", "@tango/instrument-ui": "file:../ui" } }],

    "@tango/instrument-hello-claude/@tango/api/@tango/instrument-sdk": ["@tango/instrument-sdk@file:sdk", {}],

    "@tango/instrument-hello-claude/@tango/api/@tango/instrument-ui": ["@tango/instrument-ui@file:ui", {}],

    "@tango/instrument-tasks/@tango/api/@tango/instrument-sdk": ["@tango/instrument-sdk@file:sdk", {}],

    "@tango/instrument-tasks/@tango/api/@tango/instrument-ui": ["@tango/instrument-ui@file:ui", {}],
  }
}
